
Microsoft Visual Studio Solution File, Format Version 12.00
# Visual Studio Version 16
VisualStudioVersion = 16.0.33927.289
MinimumVisualStudioVersion = 10.0.40219.1
Project("{2150E333-8FDC-42A3-9474-1A3956D46DE8}") = "Task0", "Task0", "{E74FD0C8-D29D-4AF4-B1D4-E6B67B27B922}"
EndProject
Project("{FAE04EC0-301F-11D3-BF4B-00C04F79EFBC}") = "Tyuiu.PyanzinaMA.Sprint2.Task0.V4", "Tyuiu.PyanzinaMA.Sprint2.Task0.V4\Tyuiu.PyanzinaMA.Sprint2.Task0.V4.csproj", "{E1F08A6E-FE09-4EF7-BFF1-ABF0C2A8F6A7}"
EndProject
Project("{FAE04EC0-301F-11D3-BF4B-00C04F79EFBC}") = "Tyuiu.PyanzinaMA.Sprint2.Task0.V4.Test", "Tyuiu.PyanzinaMA.Sprint2.Task0.V4.Test\Tyuiu.PyanzinaMA.Sprint2.Task0.V4.Test.csproj", "{B9A51208-9E87-4B3B-93F2-10A0032E0FF1}"
EndProject
Project("{FAE04EC0-301F-11D3-BF4B-00C04F79EFBC}") = "Tyuiu.PyanzinaMA.Sprint2.Task0.V4.Lib", "Tyuiu.PyanzinaMA.Sprint2.Task0.V4.Lib\Tyuiu.PyanzinaMA.Sprint2.Task0.V4.Lib.csproj", "{3679D4C4-714F-4E51-A626-6478CE56B8B5}"
EndProject
Project("{2150E333-8FDC-42A3-9474-1A3956D46DE8}") = "Task1", "Task1", "{22DDA48A-12CD-4F74-9059-033EB7C8100E}"
EndProject
Project("{FAE04EC0-301F-11D3-BF4B-00C04F79EFBC}") = "Tyuiu.PyanzinaMA.Sprint2.Task1.V29.Lib", "Tyuiu.PyanzinaMA.Sprint2.Task1.V29.Lib\Tyuiu.PyanzinaMA.Sprint2.Task1.V29.Lib.csproj", "{BD19E1A6-9F94-48CB-824A-60F097C00CB5}"
EndProject
Project("{FAE04EC0-301F-11D3-BF4B-00C04F79EFBC}") = "Tyuiu.PyanzinaMA.Sprint2.Task1.V29.Test", "Tyuiu.PyanzinaMA.Sprint2.Task1.V29.Test\Tyuiu.PyanzinaMA.Sprint2.Task1.V29.Test.csproj", "{5A14D922-0940-4F39-8F3C-D77B921EE9C1}"
EndProject
Project("{FAE04EC0-301F-11D3-BF4B-00C04F79EFBC}") = "Tyuiu.PyanzinaMA.Sprint2.Task1.V29", "Tyuiu.PyanzinaMA.Sprint2.Task1.V29\Tyuiu.PyanzinaMA.Sprint2.Task1.V29.csproj", "{E0B2FFA6-2765-469B-B26B-E38298922AC1}"
EndProject
Project("{2150E333-8FDC-42A3-9474-1A3956D46DE8}") = "Task2", "Task2", "{02FF5CBC-902D-4CB9-B695-F9A76BEC45AA}"
EndProject
Project("{FAE04EC0-301F-11D3-BF4B-00C04F79EFBC}") = "Tyuiu.PyanzinaMA.Sprint2.Task2.V25", "Tyuiu.PyanzinaMA.Sprint2.Task2.V25\Tyuiu.PyanzinaMA.Sprint2.Task2.V25.csproj", "{C8414AEF-0EBA-4E28-833D-D264A63B05A2}"
EndProject
Project("{FAE04EC0-301F-11D3-BF4B-00C04F79EFBC}") = "Tyuiu.PyanzinaMA.Sprint2.Task2.V25.Test", "Tyuiu.PyanzinaMA.Sprint2.Task2.V25.Test\Tyuiu.PyanzinaMA.Sprint2.Task2.V25.Test.csproj", "{1E5DCC3A-CFE2-4A5D-A246-C2FBF2E0F6BC}"
EndProject
Project("{FAE04EC0-301F-11D3-BF4B-00C04F79EFBC}") = "Tyuiu.PyanzinaMA.Sprint2.Task2.V25.Lib", "Tyuiu.PyanzinaMA.Sprint2.Task2.V25.Lib\Tyuiu.PyanzinaMA.Sprint2.Task2.V25.Lib.csproj", "{052B7A64-0296-4050-A304-F77712779C03}"
EndProject
Project("{2150E333-8FDC-42A3-9474-1A3956D46DE8}") = "Task3", "Task3", "{96E33523-7201-48B3-B5F8-AB3037ECFFB8}"
EndProject
Project("{FAE04EC0-301F-11D3-BF4B-00C04F79EFBC}") = "Tyuiu.PyanzinaMA.Sprint2.Task3.V13.Lib", "Tyuiu.PyanzinaMA.Sprint2.Task3.V13.Lib\Tyuiu.PyanzinaMA.Sprint2.Task3.V13.Lib.csproj", "{21D02DE3-2579-4860-B5C5-9B02E55668B9}"
EndProject
Project("{FAE04EC0-301F-11D3-BF4B-00C04F79EFBC}") = "Tyuiu.PyanzinaMA.Sprint2.Task3.V13.Test", "Tyuiu.PyanzinaMA.Sprint2.Task3.V13.Test\Tyuiu.PyanzinaMA.Sprint2.Task3.V13.Test.csproj", "{D48CECEA-E4FD-4FF6-93A2-086F5E212FA7}"
EndProject
Project("{FAE04EC0-301F-11D3-BF4B-00C04F79EFBC}") = "Tyuiu.PyanzinaMA.Sprint2.Task3.V13", "Tyuiu.PyanzinaMA.Sprint2.Task3.V13\Tyuiu.PyanzinaMA.Sprint2.Task3.V13.csproj", "{F917CBCC-2E19-4C63-BC2C-0AA305E7F62F}"
EndProject
Global
	GlobalSection(SolutionConfigurationPlatforms) = preSolution
		Debug|Any CPU = Debug|Any CPU
		Release|Any CPU = Release|Any CPU
	EndGlobalSection
	GlobalSection(ProjectConfigurationPlatforms) = postSolution
		{E1F08A6E-FE09-4EF7-BFF1-ABF0C2A8F6A7}.Debug|Any CPU.ActiveCfg = Debug|Any CPU
		{E1F08A6E-FE09-4EF7-BFF1-ABF0C2A8F6A7}.Debug|Any CPU.Build.0 = Debug|Any CPU
		{E1F08A6E-FE09-4EF7-BFF1-ABF0C2A8F6A7}.Release|Any CPU.ActiveCfg = Release|Any CPU
		{E1F08A6E-FE09-4EF7-BFF1-ABF0C2A8F6A7}.Release|Any CPU.Build.0 = Release|Any CPU
		{B9A51208-9E87-4B3B-93F2-10A0032E0FF1}.Debug|Any CPU.ActiveCfg = Debug|Any CPU
		{B9A51208-9E87-4B3B-93F2-10A0032E0FF1}.Debug|Any CPU.Build.0 = Debug|Any CPU
		{B9A51208-9E87-4B3B-93F2-10A0032E0FF1}.Release|Any CPU.ActiveCfg = Release|Any CPU
		{B9A51208-9E87-4B3B-93F2-10A0032E0FF1}.Release|Any CPU.Build.0 = Release|Any CPU
		{3679D4C4-714F-4E51-A626-6478CE56B8B5}.Debug|Any CPU.ActiveCfg = Debug|Any CPU
		{3679D4C4-714F-4E51-A626-6478CE56B8B5}.Debug|Any CPU.Build.0 = Debug|Any CPU
		{3679D4C4-714F-4E51-A626-6478CE56B8B5}.Release|Any CPU.ActiveCfg = Release|Any CPU
		{3679D4C4-714F-4E51-A626-6478CE56B8B5}.Release|Any CPU.Build.0 = Release|Any CPU
		{BD19E1A6-9F94-48CB-824A-60F097C00CB5}.Debug|Any CPU.ActiveCfg = Debug|Any CPU
		{BD19E1A6-9F94-48CB-824A-60F097C00CB5}.Debug|Any CPU.Build.0 = Debug|Any CPU
		{BD19E1A6-9F94-48CB-824A-60F097C00CB5}.Release|Any CPU.ActiveCfg = Release|Any CPU
		{BD19E1A6-9F94-48CB-824A-60F097C00CB5}.Release|Any CPU.Build.0 = Release|Any CPU
		{5A14D922-0940-4F39-8F3C-D77B921EE9C1}.Debug|Any CPU.ActiveCfg = Debug|Any CPU
		{5A14D922-0940-4F39-8F3C-D77B921EE9C1}.Debug|Any CPU.Build.0 = Debug|Any CPU
		{5A14D922-0940-4F39-8F3C-D77B921EE9C1}.Release|Any CPU.ActiveCfg = Release|Any CPU
		{5A14D922-0940-4F39-8F3C-D77B921EE9C1}.Release|Any CPU.Build.0 = Release|Any CPU
		{E0B2FFA6-2765-469B-B26B-E38298922AC1}.Debug|Any CPU.ActiveCfg = Debug|Any CPU
		{E0B2FFA6-2765-469B-B26B-E38298922AC1}.Debug|Any CPU.Build.0 = Debug|Any CPU
		{E0B2FFA6-2765-469B-B26B-E38298922AC1}.Release|Any CPU.ActiveCfg = Release|Any CPU
		{E0B2FFA6-2765-469B-B26B-E38298922AC1}.Release|Any CPU.Build.0 = Release|Any CPU
		{C8414AEF-0EBA-4E28-833D-D264A63B05A2}.Debug|Any CPU.ActiveCfg = Debug|Any CPU
		{C8414AEF-0EBA-4E28-833D-D264A63B05A2}.Debug|Any CPU.Build.0 = Debug|Any CPU
		{C8414AEF-0EBA-4E28-833D-D264A63B05A2}.Release|Any CPU.ActiveCfg = Release|Any CPU
		{C8414AEF-0EBA-4E28-833D-D264A63B05A2}.Release|Any CPU.Build.0 = Release|Any CPU
		{1E5DCC3A-CFE2-4A5D-A246-C2FBF2E0F6BC}.Debug|Any CPU.ActiveCfg = Debug|Any CPU
		{1E5DCC3A-CFE2-4A5D-A246-C2FBF2E0F6BC}.Debug|Any CPU.Build.0 = Debug|Any CPU
		{1E5DCC3A-CFE2-4A5D-A246-C2FBF2E0F6BC}.Release|Any CPU.ActiveCfg = Release|Any CPU
		{1E5DCC3A-CFE2-4A5D-A246-C2FBF2E0F6BC}.Release|Any CPU.Build.0 = Release|Any CPU
		{052B7A64-0296-4050-A304-F77712779C03}.Debug|Any CPU.ActiveCfg = Debug|Any CPU
		{052B7A64-0296-4050-A304-F77712779C03}.Debug|Any CPU.Build.0 = Debug|Any CPU
		{052B7A64-0296-4050-A304-F77712779C03}.Release|Any CPU.ActiveCfg = Release|Any CPU
		{052B7A64-0296-4050-A304-F77712779C03}.Release|Any CPU.Build.0 = Release|Any CPU
		{21D02DE3-2579-4860-B5C5-9B02E55668B9}.Debug|Any CPU.ActiveCfg = Debug|Any CPU
		{21D02DE3-2579-4860-B5C5-9B02E55668B9}.Debug|Any CPU.Build.0 = Debug|Any CPU
		{21D02DE3-2579-4860-B5C5-9B02E55668B9}.Release|Any CPU.ActiveCfg = Release|Any CPU
		{21D02DE3-2579-4860-B5C5-9B02E55668B9}.Release|Any CPU.Build.0 = Release|Any CPU
		{D48CECEA-E4FD-4FF6-93A2-086F5E212FA7}.Debug|Any CPU.ActiveCfg = Debug|Any CPU
		{D48CECEA-E4FD-4FF6-93A2-086F5E212FA7}.Debug|Any CPU.Build.0 = Debug|Any CPU
		{D48CECEA-E4FD-4FF6-93A2-086F5E212FA7}.Release|Any CPU.ActiveCfg = Release|Any CPU
		{D48CECEA-E4FD-4FF6-93A2-086F5E212FA7}.Release|Any CPU.Build.0 = Release|Any CPU
		{F917CBCC-2E19-4C63-BC2C-0AA305E7F62F}.Debug|Any CPU.ActiveCfg = Debug|Any CPU
		{F917CBCC-2E19-4C63-BC2C-0AA305E7F62F}.Debug|Any CPU.Build.0 = Debug|Any CPU
		{F917CBCC-2E19-4C63-BC2C-0AA305E7F62F}.Release|Any CPU.ActiveCfg = Release|Any CPU
		{F917CBCC-2E19-4C63-BC2C-0AA305E7F62F}.Release|Any CPU.Build.0 = Release|Any CPU
	EndGlobalSection
	GlobalSection(SolutionProperties) = preSolution
		HideSolutionNode = FALSE
	EndGlobalSection
	GlobalSection(NestedProjects) = preSolution
		{E1F08A6E-FE09-4EF7-BFF1-ABF0C2A8F6A7} = {E74FD0C8-D29D-4AF4-B1D4-E6B67B27B922}
		{B9A51208-9E87-4B3B-93F2-10A0032E0FF1} = {E74FD0C8-D29D-4AF4-B1D4-E6B67B27B922}
		{3679D4C4-714F-4E51-A626-6478CE56B8B5} = {E74FD0C8-D29D-4AF4-B1D4-E6B67B27B922}
		{BD19E1A6-9F94-48CB-824A-60F097C00CB5} = {22DDA48A-12CD-4F74-9059-033EB7C8100E}
		{5A14D922-0940-4F39-8F3C-D77B921EE9C1} = {22DDA48A-12CD-4F74-9059-033EB7C8100E}
		{E0B2FFA6-2765-469B-B26B-E38298922AC1} = {22DDA48A-12CD-4F74-9059-033EB7C8100E}
		{C8414AEF-0EBA-4E28-833D-D264A63B05A2} = {02FF5CBC-902D-4CB9-B695-F9A76BEC45AA}
		{1E5DCC3A-CFE2-4A5D-A246-C2FBF2E0F6BC} = {02FF5CBC-902D-4CB9-B695-F9A76BEC45AA}
		{052B7A64-0296-4050-A304-F77712779C03} = {02FF5CBC-902D-4CB9-B695-F9A76BEC45AA}
		{21D02DE3-2579-4860-B5C5-9B02E55668B9} = {96E33523-7201-48B3-B5F8-AB3037ECFFB8}
		{D48CECEA-E4FD-4FF6-93A2-086F5E212FA7} = {96E33523-7201-48B3-B5F8-AB3037ECFFB8}
		{F917CBCC-2E19-4C63-BC2C-0AA305E7F62F} = {96E33523-7201-48B3-B5F8-AB3037ECFFB8}
	EndGlobalSection
	GlobalSection(ExtensibilityGlobals) = postSolution
		SolutionGuid = {FC977D72-A9DF-4B27-86C7-0626B9C0BD5B}
	EndGlobalSection
EndGlobal
